
Microsoft Visual Studio Solution File, Format Version 12.00
# Visual Studio Version 16
VisualStudioVersion = 16.0.31112.23
MinimumVisualStudioVersion = 10.0.40219.1
Project("{9A19103F-16F7-4668-BE54-9A1E7A4F7556}") = "MacroBoard", "MacroBoard.csproj", "{685525DF-1CE7-4BFA-94DF-60476F201C1A}"
EndProject
Global
	GlobalSection(SolutionConfigurationPlatforms) = preSolution
		Debug|Any CPU = Debug|Any CPU
		Debug|x86 = Debug|x86
		Release|Any CPU = Release|Any CPU
		Release|x86 = Release|x86
	EndGlobalSection
	GlobalSection(ProjectConfigurationPlatforms) = postSolution
		{685525DF-1CE7-4BFA-94DF-60476F201C1A}.Debug|Any CPU.ActiveCfg = Debug|Any CPU
		{685525DF-1CE7-4BFA-94DF-60476F201C1A}.Debug|Any CPU.Build.0 = Debug|Any CPU
		{685525DF-1CE7-4BFA-94DF-60476F201C1A}.Debug|x86.ActiveCfg = Debug|Any CPU
		{685525DF-1CE7-4BFA-94DF-60476F201C1A}.Debug|x86.Build.0 = Debug|Any CPU
		{685525DF-1CE7-4BFA-94DF-60476F201C1A}.Release|Any CPU.ActiveCfg = Release|Any CPU
		{685525DF-1CE7-4BFA-94DF-60476F201C1A}.Release|Any CPU.Build.0 = Release|Any CPU
		{685525DF-1CE7-4BFA-94DF-60476F201C1A}.Release|x86.ActiveCfg = Release|Any CPU
		{685525DF-1CE7-4BFA-94DF-60476F201C1A}.Release|x86.Build.0 = Release|Any CPU
	EndGlobalSection
	GlobalSection(SolutionProperties) = preSolution
		HideSolutionNode = FALSE
	EndGlobalSection
	GlobalSection(ExtensibilityGlobals) = postSolution
		SolutionGuid = {30CBE9E0-E653-446E-821A-7D0FF24CF191}
	EndGlobalSection
EndGlobal
